
Microsoft Visual Studio Solution File, Format Version 12.00
Project("{FAE04EC0-301F-11D3-BF4B-00C04F79EFBC}") = "IA", "IA.csproj", "{F30D2A61-53DB-4F16-B7F1-DDCAD8450DE4}"
EndProject
Global
	GlobalSection(SolutionConfigurationPlatforms) = preSolution
		Debug|Any CPU = Debug|Any CPU
		Release|Any CPU = Release|Any CPU
	EndGlobalSection
	GlobalSection(ProjectConfigurationPlatforms) = postSolution
		{F30D2A61-53DB-4F16-B7F1-DDCAD8450DE4}.Debug|Any CPU.ActiveCfg = Debug|Any CPU
		{F30D2A61-53DB-4F16-B7F1-DDCAD8450DE4}.Debug|Any CPU.Build.0 = Debug|Any CPU
		{F30D2A61-53DB-4F16-B7F1-DDCAD8450DE4}.Release|Any CPU.ActiveCfg = Release|Any CPU
		{F30D2A61-53DB-4F16-B7F1-DDCAD8450DE4}.Release|Any CPU.Build.0 = Release|Any CPU
	EndGlobalSection
EndGlobal
